PODS:
  - cunning_document_scanner (2.7.0):
    - Flutter
  - DKImagePickerController/Core (4.3.9):
    - DKImagePickerController/ImageDataManager
    - DKImagePickerController/Resource
  - DKImagePickerController/ImageDataManager (4.3.9)
  - DKImagePickerController/PhotoGallery (4.3.9):
    - DKImagePickerController/Core
    - DKPhotoGallery
  - DKImagePickerController/Resource (4.3.9)
  - DKPhotoGallery (0.0.19):
    - DKPhotoGallery/Core (= 0.0.19)
    - DKPhotoGallery/Model (= 0.0.19)
    - DKPhotoGallery/Preview (= 0.0.19)
    - DKPhotoGallery/Resource (= 0.0.19)
    - SDWebImage
    - SwiftyGif
  - DKPhotoGallery/Core (0.0.19):
    - DKPhotoGallery/Model
    - DKPhotoGallery/Preview
    - SDWebImage
    - SwiftyGif
  - DKPhotoGallery/Model (0.0.19):
    - SDWebImage
    - SwiftyGif
  - DKPhotoGallery/Preview (0.0.19):
    - DKPhotoGallery/Model
    - DKPhotoGallery/Resource
    - SDWebImage
    - SwiftyGif
  - DKPhotoGallery/Resource (0.0.19):
    - SDWebImage
    - SwiftyGif
  - file_picker (0.0.1):
    - DKImagePickerController/PhotoGallery
    - Flutter
  - Flutter (1.0.0)
  - flutter_image_compress_common (1.0.0):
    - Flutter
    - SDWebImage
    - SDWebImageWebPCoder
  - google_mlkit_commons (0.12.0):
    - Flutter
    - MLKitVision (~> 10.0.0)
  - google_mlkit_text_recognition (0.16.0):
    - Flutter
    - google_mlkit_commons
    - GoogleMLKit/TextRecognition (~> 9.0.0)
  - google_mlkit_translation (0.14.0):
    - Flutter
    - google_mlkit_commons
    - GoogleMLKit/Translate (~> 9.0.0)
  - GoogleDataTransport (10.1.0):
    - nanopb (~> 3.30910.0)
    - PromisesObjC (~> 2.4)
  - GoogleMLKit/MLKitCore (9.0.0):
    - MLKitCommon (~> 14.0.0)
  - GoogleMLKit/TextRecognition (9.0.0):
    - GoogleMLKit/MLKitCore
    - MLKitTextRecognition (~> 7.0.0)
  - GoogleMLKit/Translate (9.0.0):
    - GoogleMLKit/MLKitCore
    - MLKitTranslate (~> 8.0.0)
  - GoogleToolboxForMac/Defines (4.2.1)
  - GoogleToolboxForMac/Logger (4.2.1):
    - GoogleToolboxForMac/Defines (= 4.2.1)
  - "GoogleToolboxForMac/NSData+zlib (4.2.1)":
    - GoogleToolboxForMac/Defines (= 4.2.1)
  - GoogleToolboxForMac/StringEncoding (4.2.1):
    - GoogleToolboxForMac/Defines (= 4.2.1)
  - GoogleUtilities/Environment (8.1.2):
    - GoogleUtilities/Privacy
  - GoogleUtilities/Logger (8.1.2):
    - GoogleUtilities/Environment
    - GoogleUtilities/Privacy
  - GoogleUtilities/Privacy (8.1.2)
  - GoogleUtilities/UserDefaults (8.1.2):
    - GoogleUtilities/Logger
    - GoogleUtilities/Privacy
  - GTMSessionFetcher/Core (3.5.0)
  - home_widget (0.0.1):
    - Flutter
  - image_cropper (0.0.5):
    - Flutter
    - TOCropViewController (~> 3.1.2)
  - image_picker_ios (0.0.1):
    - Flutter
  - libwebp (1.5.0):
    - libwebp/demux (= 1.5.0)
    - libwebp/mux (= 1.5.0)
    - libwebp/sharpyuv (= 1.5.0)
    - libwebp/webp (= 1.5.0)
  - libwebp/demux (1.5.0):
    - libwebp/webp
  - libwebp/mux (1.5.0):
    - libwebp/demux
  - libwebp/sharpyuv (1.5.0)
  - libwebp/webp (1.5.0):
    - libwebp/sharpyuv
  - MLImage (1.0.0-beta8)
  - MLKitCommon (14.0.0):
    - GoogleDataTransport (~> 10.0)
    - GoogleToolboxForMac/Logger (< 5.0, >= 4.2.1)
    - "GoogleToolboxForMac/NSData+zlib (< 5.0, >= 4.2.1)"
    - GoogleUtilities/Logger (~> 8.0)
    - GoogleUtilities/UserDefaults (~> 8.0)
    - GTMSessionFetcher/Core (< 4.0, >= 3.3.2)
  - MLKitNaturalLanguage (10.0.0):
    - GoogleToolboxForMac/Logger (< 5.0, >= 4.2.1)
    - "GoogleToolboxForMac/NSData+zlib (< 5.0, >= 4.2.1)"
    - GoogleToolboxForMac/StringEncoding (< 5.0, >= 4.2.1)
    - GTMSessionFetcher/Core (< 4.0, >= 3.3.2)
    - MLKitCommon (~> 14.0)
  - MLKitTextRecognition (7.0.0):
    - MLKitCommon (~> 14.0)
    - MLKitTextRecognitionCommon (= 6.0.0)
    - MLKitVision (~> 10.0)
  - MLKitTextRecognitionCommon (6.0.0):
    - MLKitCommon (~> 14.0)
    - MLKitVision (~> 10.0)
  - MLKitTranslate (8.0.0):
    - MLKitNaturalLanguage (~> 10.0)
    - SSZipArchive (< 3.0, >= 2.5.5)
  - MLKitVision (10.0.0):
    - GoogleToolboxForMac/Logger (< 5.0, >= 4.2.1)
    - "GoogleToolboxForMac/NSData+zlib (< 5.0, >= 4.2.1)"
    - GTMSessionFetcher/Core (< 4.0, >= 3.3.2)
    - MLImage (= 1.0.0-beta8)
    - MLKitCommon (~> 14.0)
  - mobile_scanner (7.0.0):
    - Flutter
    - FlutterMacOS
  - nanopb (3.30910.0):
    - nanopb/decode (= 3.30910.0)
    - nanopb/encode (= 3.30910.0)
  - nanopb/decode (3.30910.0)
  - nanopb/encode (3.30910.0)
  - native_cutout (0.0.1):
    - Flutter
  - pdf_combiner (0.0.1):
    - Flutter
  - permission_handler_apple (9.4.8):
    - Flutter
  - printing (1.0.0):
    - Flutter
  - PromisesObjC (2.4.1)
  - SDWebImage (5.21.7):
    - SDWebImage/Core (= 5.21.7)
  - SDWebImage/Core (5.21.7)
  - SDWebImageWebPCoder (0.15.0):
    - libwebp (~> 1.0)
    - SDWebImage/Core (~> 5.17)
  - share_plus (0.0.1):
    - Flutter
  - SSZipArchive (2.6.0)
  - SwiftyGif (5.4.5)
  - TOCropViewController (3.1.2)

DEPENDENCIES:
  - cunning_document_scanner (from `.symlinks/plugins/cunning_document_scanner/ios`)
  - file_picker (from `.symlinks/plugins/file_picker/ios`)
  - Flutter (from `Flutter`)
  - flutter_image_compress_common (from `.symlinks/plugins/flutter_image_compress_common/ios`)
  - google_mlkit_commons (from `.symlinks/plugins/google_mlkit_commons/ios`)
  - google_mlkit_text_recognition (from `.symlinks/plugins/google_mlkit_text_recognition/ios`)
  - google_mlkit_translation (from `.symlinks/plugins/google_mlkit_translation/ios`)
  - home_widget (from `.symlinks/plugins/home_widget/ios`)
  - image_cropper (from `.symlinks/plugins/image_cropper/ios`)
  - image_picker_ios (from `.symlinks/plugins/image_picker_ios/ios`)
  - mobile_scanner (from `.symlinks/plugins/mobile_scanner/darwin`)
  - native_cutout (from `.symlinks/plugins/native_cutout/ios`)
  - pdf_combiner (from `.symlinks/plugins/pdf_combiner/ios`)
  - permission_handler_apple (from `.symlinks/plugins/permission_handler_apple/ios`)
  - printing (from `.symlinks/plugins/printing/ios`)
  - share_plus (from `.symlinks/plugins/share_plus/ios`)

SPEC REPOS:
  trunk:
    - DKImagePickerController
    - DKPhotoGallery
    - GoogleDataTransport
    - GoogleMLKit
    - GoogleToolboxForMac
    - GoogleUtilities
    - GTMSessionFetcher
    - libwebp
    - MLImage
    - MLKitCommon
    - MLKitNaturalLanguage
    - MLKitTextRecognition
    - MLKitTextRecognitionCommon
    - MLKitTranslate
    - MLKitVision
    - nanopb
    - PromisesObjC
    - SDWebImage
    - SDWebImageWebPCoder
    - SSZipArchive
    - SwiftyGif
    - TOCropViewController

EXTERNAL SOURCES:
  cunning_document_scanner:
    :path: ".symlinks/plugins/cunning_document_scanner/ios"
  file_picker:
    :path: ".symlinks/plugins/file_picker/ios"
  Flutter:
    :path: Flutter
  flutter_image_compress_common:
    :path: ".symlinks/plugins/flutter_image_compress_common/ios"
  google_mlkit_commons:
    :path: ".symlinks/plugins/google_mlkit_commons/ios"
  google_mlkit_text_recognition:
    :path: ".symlinks/plugins/google_mlkit_text_recognition/ios"
  google_mlkit_translation:
    :path: ".symlinks/plugins/google_mlkit_translation/ios"
  home_widget:
    :path: ".symlinks/plugins/home_widget/ios"
  image_cropper:
    :path: ".symlinks/plugins/image_cropper/ios"
  image_picker_ios:
    :path: ".symlinks/plugins/image_picker_ios/ios"
  mobile_scanner:
    :path: ".symlinks/plugins/mobile_scanner/darwin"
  native_cutout:
    :path: ".symlinks/plugins/native_cutout/ios"
  pdf_combiner:
    :path: ".symlinks/plugins/pdf_combiner/ios"
  permission_handler_apple:
    :path: ".symlinks/plugins/permission_handler_apple/ios"
  printing:
    :path: ".symlinks/plugins/printing/ios"
  share_plus:
    :path: ".symlinks/plugins/share_plus/ios"

SPEC CHECKSUMS:
  cunning_document_scanner: add07699431c2f165bee8fd93e0353a34aa1850b
  DKImagePickerController: 946cec48c7873164274ecc4624d19e3da4c1ef3c
  DKPhotoGallery: b3834fecb755ee09a593d7c9e389d8b5d6deed60
  file_picker: b159e0c068aef54932bb15dc9fd1571818edaf49
  Flutter: cabc95a1d2626b1b06e7179b784ebcf0c0cde467
  flutter_image_compress_common: d1d827ee42025290fc9e3203ece582e4c74182ed
  google_mlkit_commons: 75b2579ccf522fe01d42e689babda04c4510ba2f
  google_mlkit_text_recognition: 4d510169638309ef7ed2aff1971b620e8d785d6e
  google_mlkit_translation: ff8aebb952f811e7773fa7258a64a5c342885241
  GoogleDataTransport: aae35b7ea0c09004c3797d53c8c41f66f219d6a7
  GoogleMLKit: b1eee21a41c57704fe72483b15c85cb2c0cd7444
  GoogleToolboxForMac: d1a2cbf009c453f4d6ded37c105e2f67a32206d8
  GoogleUtilities: 766ace00c6b10d8148408f329d10c4f051931850
  GTMSessionFetcher: 5aea5ba6bd522a239e236100971f10cb71b96ab6
  home_widget: fdbbfaa90f06f3022cb57f79678d4d58b9c5e140
  image_cropper: d3ba338ce166ebe54a4e1de742829354b521d473
  image_picker_ios: 4f2f91b01abdb52842a8e277617df877e40f905b
  libwebp: 02b23773aedb6ff1fd38cec7a77b81414c6842a8
  MLImage: 0de5c6c2bf9e93b80ef752e2797f0836f03b58c0
  MLKitCommon: 47d47b50a031d00db62f1b0efe5a1d8b09a3b2e6
  MLKitNaturalLanguage: 498154f2461f97abb00eb161eb773670ffc46250
  MLKitTextRecognition: c0ad24510481dfc8893ad15dfcb8a5f05ed9e826
  MLKitTextRecognitionCommon: 234ceb1cfdfb5fceb4fd664943046609a2961cc2
  MLKitTranslate: fcb283a2cbaaa595e1cf1d3fedffcea2e97a1168
  MLKitVision: 39a5a812db83c4a0794445088e567f3631c11961
  mobile_scanner: 77265f3dc8d580810e91849d4a0811a90467ed5e
  nanopb: fad817b59e0457d11a5dfbde799381cd727c1275
  native_cutout: 292b2d5c002b6e361072231b30b8bbb275e2f266
  pdf_combiner: 1650a9e0efb5f1d8d86c42120c1e9194a23cbac4
  permission_handler_apple: ee2fe0fd04551b304eb002714ff067c371c822ed
  printing: 233e1b73bd1f4a05615548e9b5a324c98588640b
  PromisesObjC: 752c3227f599e3467650e47ea36f433eeb10c273
  SDWebImage: e9fc87c1aab89a8ab1bbd74eba378c6f53be8abf
  SDWebImageWebPCoder: 0e06e365080397465cc73a7a9b472d8a3bd0f377
  share_plus: 8b6f8b3447e494cca5317c8c3073de39b3600d1f
  SSZipArchive: 8a6ee5677c8e304bebc109e39cf0da91ccef22ea
  SwiftyGif: 706c60cf65fa2bc5ee0313beece843c8eb8194d4
  TOCropViewController: a916930c465b5d9445a74d95e0c0da931771b4df

PODFILE CHECKSUM: d2ed094ac199f5ce1b70c0547c0f1b05eea287e3

COCOAPODS: 1.16.2
